
Microsoft Visual Studio Solution File, Format Version 12.00
# Visual Studio Version 17
VisualStudioVersion = 17.11.35312.102
MinimumVisualStudioVersion = 10.0.40219.1
Project("{9A19103F-16F7-4668-BE54-9A1E7A4F7556}") = "Database", "Database\Database.csproj", "{C1181BC8-D6D7-4545-9827-A5BAC49E511D}"
EndProject
Project("{9A19103F-16F7-4668-BE54-9A1E7A4F7556}") = "ReservationApp", "ReservationApp\ReservationApp.csproj", "{A214ED83-BD02-4236-8CD2-0501E1D06FE7}"
EndProject
Project("{FAE04EC0-301F-11D3-BF4B-00C04F79EFBC}") = "AdministrationApp", "AdministrationApp\AdministrationApp.csproj", "{DDE76163-8624-4C45-81FA-B8847225AE12}"
	ProjectSection(ProjectDependencies) = postProject
		{C1181BC8-D6D7-4545-9827-A5BAC49E511D} = {C1181BC8-D6D7-4545-9827-A5BAC49E511D}
	EndProjectSection
EndProject
Project("{FAE04EC0-301F-11D3-BF4B-00C04F79EFBC}") = "UnitTests", "UnitTests\UnitTests.csproj", "{B7C81553-EDE6-45B7-90C9-2902C75A8C7B}"
EndProject
Global
	GlobalSection(SolutionConfigurationPlatforms) = preSolution
		Debug|Any CPU = Debug|Any CPU
		Release|Any CPU = Release|Any CPU
	EndGlobalSection
	GlobalSection(ProjectConfigurationPlatforms) = postSolution
		{C1181BC8-D6D7-4545-9827-A5BAC49E511D}.Debug|Any CPU.ActiveCfg = Debug|Any CPU
		{C1181BC8-D6D7-4545-9827-A5BAC49E511D}.Debug|Any CPU.Build.0 = Debug|Any CPU
		{C1181BC8-D6D7-4545-9827-A5BAC49E511D}.Release|Any CPU.ActiveCfg = Release|Any CPU
		{C1181BC8-D6D7-4545-9827-A5BAC49E511D}.Release|Any CPU.Build.0 = Release|Any CPU
		{A214ED83-BD02-4236-8CD2-0501E1D06FE7}.Debug|Any CPU.ActiveCfg = Debug|Any CPU
		{A214ED83-BD02-4236-8CD2-0501E1D06FE7}.Debug|Any CPU.Build.0 = Debug|Any CPU
		{A214ED83-BD02-4236-8CD2-0501E1D06FE7}.Debug|Any CPU.Deploy.0 = Debug|Any CPU
		{A214ED83-BD02-4236-8CD2-0501E1D06FE7}.Release|Any CPU.ActiveCfg = Release|Any CPU
		{A214ED83-BD02-4236-8CD2-0501E1D06FE7}.Release|Any CPU.Build.0 = Release|Any CPU
		{A214ED83-BD02-4236-8CD2-0501E1D06FE7}.Release|Any CPU.Deploy.0 = Release|Any CPU
		{DDE76163-8624-4C45-81FA-B8847225AE12}.Debug|Any CPU.ActiveCfg = Debug|Any CPU
		{DDE76163-8624-4C45-81FA-B8847225AE12}.Debug|Any CPU.Build.0 = Debug|Any CPU
		{DDE76163-8624-4C45-81FA-B8847225AE12}.Debug|Any CPU.Deploy.0 = Debug|Any CPU
		{DDE76163-8624-4C45-81FA-B8847225AE12}.Release|Any CPU.ActiveCfg = Release|Any CPU
		{DDE76163-8624-4C45-81FA-B8847225AE12}.Release|Any CPU.Build.0 = Release|Any CPU
		{DDE76163-8624-4C45-81FA-B8847225AE12}.Release|Any CPU.Deploy.0 = Release|Any CPU
		{B7C81553-EDE6-45B7-90C9-2902C75A8C7B}.Debug|Any CPU.ActiveCfg = Debug|Any CPU
		{B7C81553-EDE6-45B7-90C9-2902C75A8C7B}.Debug|Any CPU.Build.0 = Debug|Any CPU
		{B7C81553-EDE6-45B7-90C9-2902C75A8C7B}.Release|Any CPU.ActiveCfg = Release|Any CPU
		{B7C81553-EDE6-45B7-90C9-2902C75A8C7B}.Release|Any CPU.Build.0 = Release|Any CPU
	EndGlobalSection
	GlobalSection(SolutionProperties) = preSolution
		HideSolutionNode = FALSE
	EndGlobalSection
	GlobalSection(ExtensibilityGlobals) = postSolution
		SolutionGuid = {C2CDF1F5-986A-4DDA-9068-6E8C418EE855}
	EndGlobalSection
EndGlobal
