
Microsoft Visual Studio Solution File, Format Version 12.00
# Visual Studio Version 17
VisualStudioVersion = 17.11.35312.102
MinimumVisualStudioVersion = 10.0.40219.1
Project("{FAE04EC0-301F-11D3-BF4B-00C04F79EFBC}") = "Database", "Database\Database.csproj", "{C1181BC8-D6D7-4545-9827-A5BAC49E511D}"
EndProject
Project("{FAE04EC0-301F-11D3-BF4B-00C04F79EFBC}") = "AdminApp", "AdminApp\AdminApp.csproj", "{1C16FBCC-102C-4328-A028-9C66B2FE6788}"
EndProject
Project("{FAE04EC0-301F-11D3-BF4B-00C04F79EFBC}") = "ReservationApp", "ReservationApp\ReservationApp.csproj", "{A214ED83-BD02-4236-8CD2-0501E1D06FE7}"
EndProject
Global
	GlobalSection(SolutionConfigurationPlatforms) = preSolution
		Debug|Any CPU = Debug|Any CPU
		Release|Any CPU = Release|Any CPU
	EndGlobalSection
	GlobalSection(ProjectConfigurationPlatforms) = postSolution
		{C1181BC8-D6D7-4545-9827-A5BAC49E511D}.Debug|Any CPU.ActiveCfg = Debug|Any CPU
		{C1181BC8-D6D7-4545-9827-A5BAC49E511D}.Debug|Any CPU.Build.0 = Debug|Any CPU
		{C1181BC8-D6D7-4545-9827-A5BAC49E511D}.Release|Any CPU.ActiveCfg = Release|Any CPU
		{C1181BC8-D6D7-4545-9827-A5BAC49E511D}.Release|Any CPU.Build.0 = Release|Any CPU
		{1C16FBCC-102C-4328-A028-9C66B2FE6788}.Debug|Any CPU.ActiveCfg = Debug|Any CPU
		{1C16FBCC-102C-4328-A028-9C66B2FE6788}.Debug|Any CPU.Build.0 = Debug|Any CPU
		{1C16FBCC-102C-4328-A028-9C66B2FE6788}.Debug|Any CPU.Deploy.0 = Debug|Any CPU
		{1C16FBCC-102C-4328-A028-9C66B2FE6788}.Release|Any CPU.ActiveCfg = Release|Any CPU
		{1C16FBCC-102C-4328-A028-9C66B2FE6788}.Release|Any CPU.Build.0 = Release|Any CPU
		{1C16FBCC-102C-4328-A028-9C66B2FE6788}.Release|Any CPU.Deploy.0 = Release|Any CPU
		{A214ED83-BD02-4236-8CD2-0501E1D06FE7}.Debug|Any CPU.ActiveCfg = Debug|Any CPU
		{A214ED83-BD02-4236-8CD2-0501E1D06FE7}.Debug|Any CPU.Build.0 = Debug|Any CPU
		{A214ED83-BD02-4236-8CD2-0501E1D06FE7}.Debug|Any CPU.Deploy.0 = Debug|Any CPU
		{A214ED83-BD02-4236-8CD2-0501E1D06FE7}.Release|Any CPU.ActiveCfg = Release|Any CPU
		{A214ED83-BD02-4236-8CD2-0501E1D06FE7}.Release|Any CPU.Build.0 = Release|Any CPU
		{A214ED83-BD02-4236-8CD2-0501E1D06FE7}.Release|Any CPU.Deploy.0 = Release|Any CPU
	EndGlobalSection
	GlobalSection(SolutionProperties) = preSolution
		HideSolutionNode = FALSE
	EndGlobalSection
	GlobalSection(ExtensibilityGlobals) = postSolution
		SolutionGuid = {C2CDF1F5-986A-4DDA-9068-6E8C418EE855}
	EndGlobalSection
EndGlobal
